
Microsoft Visual Studio Solution File, Format Version 12.00
# Visual Studio Version 16
VisualStudioVersion = 16.0.29409.12
MinimumVisualStudioVersion = 10.0.40219.1
Project("{9A19103F-16F7-4668-BE54-9A1E7A4F7556}") = "sql2dto.Core", "sql2dto.Core\sql2dto.Core.csproj", "{86D047D1-2F44-4056-93F0-70BDD5F5FB5B}"
EndProject
Project("{9A19103F-16F7-4668-BE54-9A1E7A4F7556}") = "sql2dto.Core.UnitTests", "sql2dto.Core.UnitTests\sql2dto.Core.UnitTests.csproj", "{70C91ACB-B118-483A-BBD8-FDBE45267CC9}"
EndProject
Project("{9A19103F-16F7-4668-BE54-9A1E7A4F7556}") = "sql2dto.Attributes", "sql2dto.Attributes\sql2dto.Attributes.csproj", "{8C5C7B03-AC06-4DD2-8EC9-CF25CB45FAB9}"
EndProject
Project("{9A19103F-16F7-4668-BE54-9A1E7A4F7556}") = "sql2dto.MSSqlServer", "sql2dto.MSSqlServer\sql2dto.MSSqlServer.csproj", "{10324DD3-99D3-490C-869D-F020E67E4ECA}"
EndProject
Project("{9A19103F-16F7-4668-BE54-9A1E7A4F7556}") = "sql2dto.MSSqlServer.UnitTests", "sql2dto.MSSqlServer.UnitTests\sql2dto.MSSqlServer.UnitTests.csproj", "{AD8630F0-C9B7-44A8-804D-19FB1F92E631}"
EndProject
Project("{9A19103F-16F7-4668-BE54-9A1E7A4F7556}") = "sql2dto.Oracle", "sql2dto.Oracle\sql2dto.Oracle.csproj", "{2115D119-470A-42CD-A9D3-6D2523EE6073}"
EndProject
Project("{9A19103F-16F7-4668-BE54-9A1E7A4F7556}") = "sql2dto.Oracle.UnitTests", "sql2dto.Oracle.UnitTests\sql2dto.Oracle.UnitTests.csproj", "{027753C7-0486-472C-8130-E30F1C8F8838}"
EndProject
Project("{FAE04EC0-301F-11D3-BF4B-00C04F79EFBC}") = "sql2dto.TableMappingGenerator", "sql2dto.TableMappingGenerator\sql2dto.TableMappingGenerator.csproj", "{6DE403A4-B6B1-42DE-94AC-74AE7E934E78}"
EndProject
Global
	GlobalSection(SolutionConfigurationPlatforms) = preSolution
		Debug|Any CPU = Debug|Any CPU
		Release|Any CPU = Release|Any CPU
	EndGlobalSection
	GlobalSection(ProjectConfigurationPlatforms) = postSolution
		{86D047D1-2F44-4056-93F0-70BDD5F5FB5B}.Debug|Any CPU.ActiveCfg = Debug|Any CPU
		{86D047D1-2F44-4056-93F0-70BDD5F5FB5B}.Debug|Any CPU.Build.0 = Debug|Any CPU
		{86D047D1-2F44-4056-93F0-70BDD5F5FB5B}.Release|Any CPU.ActiveCfg = Release|Any CPU
		{86D047D1-2F44-4056-93F0-70BDD5F5FB5B}.Release|Any CPU.Build.0 = Release|Any CPU
		{70C91ACB-B118-483A-BBD8-FDBE45267CC9}.Debug|Any CPU.ActiveCfg = Debug|Any CPU
		{70C91ACB-B118-483A-BBD8-FDBE45267CC9}.Debug|Any CPU.Build.0 = Debug|Any CPU
		{70C91ACB-B118-483A-BBD8-FDBE45267CC9}.Release|Any CPU.ActiveCfg = Release|Any CPU
		{70C91ACB-B118-483A-BBD8-FDBE45267CC9}.Release|Any CPU.Build.0 = Release|Any CPU
		{8C5C7B03-AC06-4DD2-8EC9-CF25CB45FAB9}.Debug|Any CPU.ActiveCfg = Debug|Any CPU
		{8C5C7B03-AC06-4DD2-8EC9-CF25CB45FAB9}.Debug|Any CPU.Build.0 = Debug|Any CPU
		{8C5C7B03-AC06-4DD2-8EC9-CF25CB45FAB9}.Release|Any CPU.ActiveCfg = Release|Any CPU
		{8C5C7B03-AC06-4DD2-8EC9-CF25CB45FAB9}.Release|Any CPU.Build.0 = Release|Any CPU
		{10324DD3-99D3-490C-869D-F020E67E4ECA}.Debug|Any CPU.ActiveCfg = Debug|Any CPU
		{10324DD3-99D3-490C-869D-F020E67E4ECA}.Debug|Any CPU.Build.0 = Debug|Any CPU
		{10324DD3-99D3-490C-869D-F020E67E4ECA}.Release|Any CPU.ActiveCfg = Release|Any CPU
		{10324DD3-99D3-490C-869D-F020E67E4ECA}.Release|Any CPU.Build.0 = Release|Any CPU
		{AD8630F0-C9B7-44A8-804D-19FB1F92E631}.Debug|Any CPU.ActiveCfg = Debug|Any CPU
		{AD8630F0-C9B7-44A8-804D-19FB1F92E631}.Debug|Any CPU.Build.0 = Debug|Any CPU
		{AD8630F0-C9B7-44A8-804D-19FB1F92E631}.Release|Any CPU.ActiveCfg = Release|Any CPU
		{AD8630F0-C9B7-44A8-804D-19FB1F92E631}.Release|Any CPU.Build.0 = Release|Any CPU
		{2115D119-470A-42CD-A9D3-6D2523EE6073}.Debug|Any CPU.ActiveCfg = Debug|Any CPU
		{2115D119-470A-42CD-A9D3-6D2523EE6073}.Debug|Any CPU.Build.0 = Debug|Any CPU
		{2115D119-470A-42CD-A9D3-6D2523EE6073}.Release|Any CPU.ActiveCfg = Release|Any CPU
		{2115D119-470A-42CD-A9D3-6D2523EE6073}.Release|Any CPU.Build.0 = Release|Any CPU
		{027753C7-0486-472C-8130-E30F1C8F8838}.Debug|Any CPU.ActiveCfg = Debug|Any CPU
		{027753C7-0486-472C-8130-E30F1C8F8838}.Debug|Any CPU.Build.0 = Debug|Any CPU
		{027753C7-0486-472C-8130-E30F1C8F8838}.Release|Any CPU.ActiveCfg = Release|Any CPU
		{027753C7-0486-472C-8130-E30F1C8F8838}.Release|Any CPU.Build.0 = Release|Any CPU
		{6DE403A4-B6B1-42DE-94AC-74AE7E934E78}.Debug|Any CPU.ActiveCfg = Debug|Any CPU
		{6DE403A4-B6B1-42DE-94AC-74AE7E934E78}.Debug|Any CPU.Build.0 = Debug|Any CPU
		{6DE403A4-B6B1-42DE-94AC-74AE7E934E78}.Release|Any CPU.ActiveCfg = Release|Any CPU
		{6DE403A4-B6B1-42DE-94AC-74AE7E934E78}.Release|Any CPU.Build.0 = Release|Any CPU
	EndGlobalSection
	GlobalSection(SolutionProperties) = preSolution
		HideSolutionNode = FALSE
	EndGlobalSection
	GlobalSection(ExtensibilityGlobals) = postSolution
		SolutionGuid = {1EE7155A-DA77-4B6E-A253-380403ACA68E}
	EndGlobalSection
EndGlobal
